
Microsoft Visual Studio Solution File, Format Version 12.00
# Visual Studio Version 17
VisualStudioVersion = 17.4.33122.133
MinimumVisualStudioVersion = 10.0.40219.1
Project("{FAE04EC0-301F-11D3-BF4B-00C04F79EFBC}") = "SimpleObfuscator", "SimpleObfuscator\SimpleObfuscator.csproj", "{4C38A61B-6974-4FAF-8A2E-FD0B1D495FB2}"
EndProject
Global
	GlobalSection(SolutionConfigurationPlatforms) = preSolution
		Debug|Any CPU = Debug|Any CPU
		Release|Any CPU = Release|Any CPU
	EndGlobalSection
	GlobalSection(ProjectConfigurationPlatforms) = postSolution
		{4C38A61B-6974-4FAF-8A2E-FD0B1D495FB2}.Debug|Any CPU.ActiveCfg = Debug|Any CPU
		{4C38A61B-6974-4FAF-8A2E-FD0B1D495FB2}.Debug|Any CPU.Build.0 = Debug|Any CPU
		{4C38A61B-6974-4FAF-8A2E-FD0B1D495FB2}.Release|Any CPU.ActiveCfg = Release|Any CPU
		{4C38A61B-6974-4FAF-8A2E-FD0B1D495FB2}.Release|Any CPU.Build.0 = Release|Any CPU
	EndGlobalSection
	GlobalSection(SolutionProperties) = preSolution
		HideSolutionNode = FALSE
	EndGlobalSection
	GlobalSection(ExtensibilityGlobals) = postSolution
		SolutionGuid = {C5AEAD02-28CB-4844-8C6D-5DC04BB0D447}
	EndGlobalSection
EndGlobal
